github.com/AndreasBriese/bbloom v0.0.0-20170702084017-28f7e881ca57 h1:CVuXDbdzPW0XCNYTldy5dQues57geAs+vfwz3FTTpy8=
github.com/AndreasBriese/bbloom v0.0.0-20170702084017-28f7e881ca57/go.mod h1:bOvUY6CB00SOBii9/FifXqc0awNKxLFCL/+pkDPuyl8=
github.com/biogo/store v0.0.0-20160505134755-913427a1d5e8 h1:tYoz1OeRpx3dJZlh9T4dQt4kAndcmpl+VNdzbSgFC/0=
github.com/biogo/store v0.0.0-20160505134755-913427a1d5e8/go.mod h1:Iev9Q3MErcn+w3UOJD/DkEzllvugfdx7bGcMOFhvr/4=
github.com/cockroachdb/cockroach v1.0.4 h1:GxYSZ9IuLcZTYDxAviQyqSP51khbaYwIizyvXIxb6XU=
github.com/cockroachdb/cockroach v1.0.4/go.mod h1:xeT/CQ0qZHangbYbWShlCGAx31aV4AjGswDUjhKS6HQ=
github.com/dgraph-io/badger v0.0.0-20170804051521-270fbc75ac97 h1:jaV3hmZmFa6xWBpsmICdAwaOivWI9KJun9jllhvGlz8=
github.com/dgraph-io/badger v0.0.0-20170804051521-270fbc75ac97/go.mod h1:VZxzAIRPHRVNRKRo6AXrX9BJegn6il06VMTZVJYCIjQ=
github.com/gogo/protobuf v0.0.0-20170307180453-100ba4e88506 h1:zDlw+wgyXdfkRuvFCdEDUiPLmZp2cvf/dWHazY0a5VM=
github.com/gogo/protobuf v0.0.0-20170307180453-100ba4e88506/go.mod h1:r8qH/GZQm5c6nD/R0oafs1akxWv10x8SbQlK7atdtwQ=
github.com/golang/protobuf v0.0.0-20170726212829-748d386b5c1e h1:lDgkE81VC1S0yetyGVVGW923ICSIlj6zVU/WaOd9QJ0=
github.com/golang/protobuf v0.0.0-20170726212829-748d386b5c1e/go.mod h1:6lQm79b+lXiMfvg/cZm0SGofjICqVBUtrP5yJMmIC1U=
github.com/google/btree v0.0.0-20161217183710-316fb6d3f031 h1:yAx4v8FikdsGCBPzIaT2F+0WH0J+wcL7cQD9n3UbyOk=
github.com/google/btree v0.0.0-20161217183710-316fb6d3f031/go.mod h1:lNA+9X1NB3Zf8V7Ke586lFgjr2dZNuvo3lPJSGZ5JPQ=
github.com/petar/GoLLRB v0.0.0-20130427215148-53be0d36a84c/go.mod h1:HUpKUBZnpzkdx0kD/+Yfuft+uD3zHGtXF/XJB14TUr4=
github.com/pkg/errors v0.8.0 h1:WdK/asTD0HN+q6hsWO3/vpuAkAr+tw6aNJNDFFf0+qw=
github.com/pkg/errors v0.8.0/go.mod h1:bwawxfHBFNV+L2hUp1rHADufV3IMtnDRdf1r5NINEl0=
github.com/spf13/pflag v1.0.0 h1:oaPbdDe/x0UncahuwiPxW1GYJyilRAdsPnq3e1yaPcI=
github.com/spf13/pflag v1.0.0/go.mod h1:DYY7MBk1bdzusC3SYhjObp+wFpr4gzcvqqNjLnInEg4=
golang.org/x/net v0.0.0-20170726083632-f5079bd7f6f7 h1:1Pw+ZX4dmGORIwGkTwnUr7RFuMhfpCYHXRZNF04XPYs=
golang.org/x/net v0.0.0-20170726083632-f5079bd7f6f7/go.mod h1:mL1N/T3taQHkDXs73rZJwtUhF3w3ftmwwsq0BUmARs4=
golang.org/x/sys v0.0.0-20170803140359-d8f5ea21b929 h1:M4VPQYSW/nB4Bcg1XMD4yW2sprnwerD3Kb6apRphtZw=
golang.org/x/sys v0.0.0-20170803140359-d8f5ea21b929/go.mod h1:STP8DvDyc/dI5b8T5hshtkjS+E42TnysNCUPdjciGhY=
golang.org/x/text v0.0.0-20170730040918-3bd178b88a81 h1:7aXI3TQ9sZ4JdDoIDGjxL6G2mQxlsPy9dySnJaL6Bdk=
golang.org/x/text v0.0.0-20170730040918-3bd178b88a81/go.mod h1:NqM8EUOU14njkJ3fqMW+pc6Ldnwhi/IjpwHt7yyuwOQ=
google.golang.org/genproto v0.0.0-20170731182057-09f6ed296fc6 h1:72GtwBPfq6av9X0Ru2HtAopsPW+d+vh1K1zaxanTdE8=
google.golang.org/genproto v0.0.0-20170731182057-09f6ed296fc6/go.mod h1:JiN7NxoALGmiZfu7CAH4rXhgtRTLTxftemlI0sWmxmc=
google.golang.org/grpc v1.5.1 h1:pDBahoEyjFOjJByiWlcl8lTzj3bqilmVSuaSv4ug0nk=
google.golang.org/grpc v1.5.1/go.mod h1:yo6s7OP7yaDglbqo1J04qKzAhqBH6lvTonzMVmEdcZw=
